
Microsoft Visual Studio Solution File, Format Version 12.00
# Visual Studio 14
VisualStudioVersion = 14.0.25420.1
MinimumVisualStudioVersion = 10.0.40219.1
Project("{8BC9CEB8-8B4A-11D0-8D11-00A0C91BC942}") = "Employee", "Employee\Employee.vcxproj", "{C17795E2-3F71-4EC7-81C9-6E38AB14CDD4}"
EndProject
Project("{8BC9CEB8-8B4A-11D0-8D11-00A0C91BC942}") = "Calculator", "Calculator\Calculator.vcxproj", "{898407D0-89AD-4586-8EF1-132918D29D7D}"
EndProject
Project("{8BC9CEB8-8B4A-11D0-8D11-00A0C91BC942}") = "Point", "Point\Point.vcxproj", "{62A41735-C685-4436-966B-456B76F6F163}"
EndProject
Project("{8BC9CEB8-8B4A-11D0-8D11-00A0C91BC942}") = "dowhile", "dowhile\dowhile.vcxproj", "{BB255433-4320-413C-8F69-B4B698CF092D}"
EndProject
Project("{8BC9CEB8-8B4A-11D0-8D11-00A0C91BC942}") = "PrimeGenerator", "PrimeGenerator\PrimeGenerator.vcxproj", "{62866D6A-9597-4425-86B3-6B5E625D2C0C}"
EndProject
Project("{8BC9CEB8-8B4A-11D0-8D11-00A0C91BC942}") = "Time", "Time\Time.vcxproj", "{6CCE658A-935E-4ED3-A69D-1D5FC75F941D}"
EndProject
Project("{8BC9CEB8-8B4A-11D0-8D11-00A0C91BC942}") = "CPPIOStream", "CPPIOStream\CPPIOStream.vcxproj", "{00D7C450-B366-4344-8BFC-CF713085B944}"
EndProject
Project("{8BC9CEB8-8B4A-11D0-8D11-00A0C91BC942}") = "ForPrime", "ForPrime\ForPrime.vcxproj", "{09EE58E4-8DA2-40FB-BD8B-B890E4E578AA}"
EndProject
Global
	GlobalSection(SolutionConfigurationPlatforms) = preSolution
		Debug|Any CPU = Debug|Any CPU
		Debug|x64 = Debug|x64
		Debug|x86 = Debug|x86
		Release|Any CPU = Release|Any CPU
		Release|x64 = Release|x64
		Release|x86 = Release|x86
	EndGlobalSection
	GlobalSection(ProjectConfigurationPlatforms) = postSolution
		{C17795E2-3F71-4EC7-81C9-6E38AB14CDD4}.Debug|Any CPU.ActiveCfg = Debug|Win32
		{C17795E2-3F71-4EC7-81C9-6E38AB14CDD4}.Debug|x64.ActiveCfg = Debug|x64
		{C17795E2-3F71-4EC7-81C9-6E38AB14CDD4}.Debug|x64.Build.0 = Debug|x64
		{C17795E2-3F71-4EC7-81C9-6E38AB14CDD4}.Debug|x86.ActiveCfg = Debug|Win32
		{C17795E2-3F71-4EC7-81C9-6E38AB14CDD4}.Debug|x86.Build.0 = Debug|Win32
		{C17795E2-3F71-4EC7-81C9-6E38AB14CDD4}.Release|Any CPU.ActiveCfg = Release|Win32
		{C17795E2-3F71-4EC7-81C9-6E38AB14CDD4}.Release|x64.ActiveCfg = Release|x64
		{C17795E2-3F71-4EC7-81C9-6E38AB14CDD4}.Release|x64.Build.0 = Release|x64
		{C17795E2-3F71-4EC7-81C9-6E38AB14CDD4}.Release|x86.ActiveCfg = Release|Win32
		{C17795E2-3F71-4EC7-81C9-6E38AB14CDD4}.Release|x86.Build.0 = Release|Win32
		{898407D0-89AD-4586-8EF1-132918D29D7D}.Debug|Any CPU.ActiveCfg = Debug|Win32
		{898407D0-89AD-4586-8EF1-132918D29D7D}.Debug|x64.ActiveCfg = Debug|x64
		{898407D0-89AD-4586-8EF1-132918D29D7D}.Debug|x64.Build.0 = Debug|x64
		{898407D0-89AD-4586-8EF1-132918D29D7D}.Debug|x86.ActiveCfg = Debug|Win32
		{898407D0-89AD-4586-8EF1-132918D29D7D}.Debug|x86.Build.0 = Debug|Win32
		{898407D0-89AD-4586-8EF1-132918D29D7D}.Release|Any CPU.ActiveCfg = Release|Win32
		{898407D0-89AD-4586-8EF1-132918D29D7D}.Release|x64.ActiveCfg = Release|x64
		{898407D0-89AD-4586-8EF1-132918D29D7D}.Release|x64.Build.0 = Release|x64
		{898407D0-89AD-4586-8EF1-132918D29D7D}.Release|x86.ActiveCfg = Release|Win32
		{898407D0-89AD-4586-8EF1-132918D29D7D}.Release|x86.Build.0 = Release|Win32
		{62A41735-C685-4436-966B-456B76F6F163}.Debug|Any CPU.ActiveCfg = Debug|Win32
		{62A41735-C685-4436-966B-456B76F6F163}.Debug|x64.ActiveCfg = Debug|x64
		{62A41735-C685-4436-966B-456B76F6F163}.Debug|x64.Build.0 = Debug|x64
		{62A41735-C685-4436-966B-456B76F6F163}.Debug|x86.ActiveCfg = Debug|Win32
		{62A41735-C685-4436-966B-456B76F6F163}.Debug|x86.Build.0 = Debug|Win32
		{62A41735-C685-4436-966B-456B76F6F163}.Release|Any CPU.ActiveCfg = Release|Win32
		{62A41735-C685-4436-966B-456B76F6F163}.Release|x64.ActiveCfg = Release|x64
		{62A41735-C685-4436-966B-456B76F6F163}.Release|x64.Build.0 = Release|x64
		{62A41735-C685-4436-966B-456B76F6F163}.Release|x86.ActiveCfg = Release|Win32
		{62A41735-C685-4436-966B-456B76F6F163}.Release|x86.Build.0 = Release|Win32
		{BB255433-4320-413C-8F69-B4B698CF092D}.Debug|Any CPU.ActiveCfg = Debug|Win32
		{BB255433-4320-413C-8F69-B4B698CF092D}.Debug|x64.ActiveCfg = Debug|x64
		{BB255433-4320-413C-8F69-B4B698CF092D}.Debug|x64.Build.0 = Debug|x64
		{BB255433-4320-413C-8F69-B4B698CF092D}.Debug|x86.ActiveCfg = Debug|Win32
		{BB255433-4320-413C-8F69-B4B698CF092D}.Debug|x86.Build.0 = Debug|Win32
		{BB255433-4320-413C-8F69-B4B698CF092D}.Release|Any CPU.ActiveCfg = Release|Win32
		{BB255433-4320-413C-8F69-B4B698CF092D}.Release|x64.ActiveCfg = Release|x64
		{BB255433-4320-413C-8F69-B4B698CF092D}.Release|x64.Build.0 = Release|x64
		{BB255433-4320-413C-8F69-B4B698CF092D}.Release|x86.ActiveCfg = Release|Win32
		{BB255433-4320-413C-8F69-B4B698CF092D}.Release|x86.Build.0 = Release|Win32
		{62866D6A-9597-4425-86B3-6B5E625D2C0C}.Debug|Any CPU.ActiveCfg = Debug|Win32
		{62866D6A-9597-4425-86B3-6B5E625D2C0C}.Debug|x64.ActiveCfg = Debug|x64
		{62866D6A-9597-4425-86B3-6B5E625D2C0C}.Debug|x64.Build.0 = Debug|x64
		{62866D6A-9597-4425-86B3-6B5E625D2C0C}.Debug|x86.ActiveCfg = Debug|Win32
		{62866D6A-9597-4425-86B3-6B5E625D2C0C}.Debug|x86.Build.0 = Debug|Win32
		{62866D6A-9597-4425-86B3-6B5E625D2C0C}.Release|Any CPU.ActiveCfg = Release|Win32
		{62866D6A-9597-4425-86B3-6B5E625D2C0C}.Release|x64.ActiveCfg = Release|x64
		{62866D6A-9597-4425-86B3-6B5E625D2C0C}.Release|x64.Build.0 = Release|x64
		{62866D6A-9597-4425-86B3-6B5E625D2C0C}.Release|x86.ActiveCfg = Release|Win32
		{62866D6A-9597-4425-86B3-6B5E625D2C0C}.Release|x86.Build.0 = Release|Win32
		{6CCE658A-935E-4ED3-A69D-1D5FC75F941D}.Debug|Any CPU.ActiveCfg = Debug|Win32
		{6CCE658A-935E-4ED3-A69D-1D5FC75F941D}.Debug|x64.ActiveCfg = Debug|x64
		{6CCE658A-935E-4ED3-A69D-1D5FC75F941D}.Debug|x64.Build.0 = Debug|x64
		{6CCE658A-935E-4ED3-A69D-1D5FC75F941D}.Debug|x86.ActiveCfg = Debug|Win32
		{6CCE658A-935E-4ED3-A69D-1D5FC75F941D}.Debug|x86.Build.0 = Debug|Win32
		{6CCE658A-935E-4ED3-A69D-1D5FC75F941D}.Release|Any CPU.ActiveCfg = Release|Win32
		{6CCE658A-935E-4ED3-A69D-1D5FC75F941D}.Release|x64.ActiveCfg = Release|x64
		{6CCE658A-935E-4ED3-A69D-1D5FC75F941D}.Release|x64.Build.0 = Release|x64
		{6CCE658A-935E-4ED3-A69D-1D5FC75F941D}.Release|x86.ActiveCfg = Release|Win32
		{6CCE658A-935E-4ED3-A69D-1D5FC75F941D}.Release|x86.Build.0 = Release|Win32
		{00D7C450-B366-4344-8BFC-CF713085B944}.Debug|Any CPU.ActiveCfg = Debug|Win32
		{00D7C450-B366-4344-8BFC-CF713085B944}.Debug|x64.ActiveCfg = Debug|x64
		{00D7C450-B366-4344-8BFC-CF713085B944}.Debug|x64.Build.0 = Debug|x64
		{00D7C450-B366-4344-8BFC-CF713085B944}.Debug|x86.ActiveCfg = Debug|Win32
		{00D7C450-B366-4344-8BFC-CF713085B944}.Debug|x86.Build.0 = Debug|Win32
		{00D7C450-B366-4344-8BFC-CF713085B944}.Release|Any CPU.ActiveCfg = Release|Win32
		{00D7C450-B366-4344-8BFC-CF713085B944}.Release|x64.ActiveCfg = Release|x64
		{00D7C450-B366-4344-8BFC-CF713085B944}.Release|x64.Build.0 = Release|x64
		{00D7C450-B366-4344-8BFC-CF713085B944}.Release|x86.ActiveCfg = Release|Win32
		{00D7C450-B366-4344-8BFC-CF713085B944}.Release|x86.Build.0 = Release|Win32
		{09EE58E4-8DA2-40FB-BD8B-B890E4E578AA}.Debug|Any CPU.ActiveCfg = Debug|Win32
		{09EE58E4-8DA2-40FB-BD8B-B890E4E578AA}.Debug|x64.ActiveCfg = Debug|x64
		{09EE58E4-8DA2-40FB-BD8B-B890E4E578AA}.Debug|x64.Build.0 = Debug|x64
		{09EE58E4-8DA2-40FB-BD8B-B890E4E578AA}.Debug|x86.ActiveCfg = Debug|Win32
		{09EE58E4-8DA2-40FB-BD8B-B890E4E578AA}.Debug|x86.Build.0 = Debug|Win32
		{09EE58E4-8DA2-40FB-BD8B-B890E4E578AA}.Release|Any CPU.ActiveCfg = Release|Win32
		{09EE58E4-8DA2-40FB-BD8B-B890E4E578AA}.Release|x64.ActiveCfg = Release|x64
		{09EE58E4-8DA2-40FB-BD8B-B890E4E578AA}.Release|x64.Build.0 = Release|x64
		{09EE58E4-8DA2-40FB-BD8B-B890E4E578AA}.Release|x86.ActiveCfg = Release|Win32
		{09EE58E4-8DA2-40FB-BD8B-B890E4E578AA}.Release|x86.Build.0 = Release|Win32
	EndGlobalSection
	GlobalSection(SolutionProperties) = preSolution
		HideSolutionNode = FALSE
	EndGlobalSection
EndGlobal
